
Microsoft Visual Studio Solution File, Format Version 12.00
# Visual Studio Version 17
VisualStudioVersion = 17.5.33414.496
MinimumVisualStudioVersion = 10.0.40219.1
Project("{FAE04EC0-301F-11D3-BF4B-00C04F79EFBC}") = "Week5LogicalOperators", "Week5LogicalOperators\Week5LogicalOperators.csproj", "{2D02DDC1-B211-461C-B269-3F9ED3262DEB}"
EndProject
Project("{FAE04EC0-301F-11D3-BF4B-00C04F79EFBC}") = "ANDOperator", "ANDOperator\ANDOperator.csproj", "{64CA937B-76C9-4104-8C1D-8BAA1CEC7BE3}"
EndProject
Project("{FAE04EC0-301F-11D3-BF4B-00C04F79EFBC}") = "OROperator", "OROperator\OROperator.csproj", "{F49CA551-74DF-4E0B-831E-29BE033119BB}"
EndProject
Project("{FAE04EC0-301F-11D3-BF4B-00C04F79EFBC}") = "ANDranges", "ANDranges\ANDranges.csproj", "{74699EBE-9A97-48B2-9CC2-F5258103460F}"
EndProject
Global
	GlobalSection(SolutionConfigurationPlatforms) = preSolution
		Debug|Any CPU = Debug|Any CPU
		Release|Any CPU = Release|Any CPU
	EndGlobalSection
	GlobalSection(ProjectConfigurationPlatforms) = postSolution
		{2D02DDC1-B211-461C-B269-3F9ED3262DEB}.Debug|Any CPU.ActiveCfg = Debug|Any CPU
		{2D02DDC1-B211-461C-B269-3F9ED3262DEB}.Debug|Any CPU.Build.0 = Debug|Any CPU
		{2D02DDC1-B211-461C-B269-3F9ED3262DEB}.Release|Any CPU.ActiveCfg = Release|Any CPU
		{2D02DDC1-B211-461C-B269-3F9ED3262DEB}.Release|Any CPU.Build.0 = Release|Any CPU
		{64CA937B-76C9-4104-8C1D-8BAA1CEC7BE3}.Debug|Any CPU.ActiveCfg = Debug|Any CPU
		{64CA937B-76C9-4104-8C1D-8BAA1CEC7BE3}.Debug|Any CPU.Build.0 = Debug|Any CPU
		{64CA937B-76C9-4104-8C1D-8BAA1CEC7BE3}.Release|Any CPU.ActiveCfg = Release|Any CPU
		{64CA937B-76C9-4104-8C1D-8BAA1CEC7BE3}.Release|Any CPU.Build.0 = Release|Any CPU
		{F49CA551-74DF-4E0B-831E-29BE033119BB}.Debug|Any CPU.ActiveCfg = Debug|Any CPU
		{F49CA551-74DF-4E0B-831E-29BE033119BB}.Debug|Any CPU.Build.0 = Debug|Any CPU
		{F49CA551-74DF-4E0B-831E-29BE033119BB}.Release|Any CPU.ActiveCfg = Release|Any CPU
		{F49CA551-74DF-4E0B-831E-29BE033119BB}.Release|Any CPU.Build.0 = Release|Any CPU
		{74699EBE-9A97-48B2-9CC2-F5258103460F}.Debug|Any CPU.ActiveCfg = Debug|Any CPU
		{74699EBE-9A97-48B2-9CC2-F5258103460F}.Debug|Any CPU.Build.0 = Debug|Any CPU
		{74699EBE-9A97-48B2-9CC2-F5258103460F}.Release|Any CPU.ActiveCfg = Release|Any CPU
		{74699EBE-9A97-48B2-9CC2-F5258103460F}.Release|Any CPU.Build.0 = Release|Any CPU
	EndGlobalSection
	GlobalSection(SolutionProperties) = preSolution
		HideSolutionNode = FALSE
	EndGlobalSection
	GlobalSection(ExtensibilityGlobals) = postSolution
		SolutionGuid = {DC575B6B-E7A7-4DC9-A790-7E76353E8780}
	EndGlobalSection
EndGlobal
